<?xml version="1.0" encoding="utf-8"?>
<Project ToolsVersion="4.0" xmlns="http://schemas.microsoft.com/developer/msbuild/2003">
  <ItemGroup>
    <Filter Include="Source Files">
      <UniqueIdentifier>{4FC737F1-C7A5-4376-A066-2A32D752A2FF}</UniqueIdentifier>
      <Extensions>cpp;c;cc;cxx;def;odl;idl;hpj;bat;asm;asmx</Extensions>
    </Filter>
    <Filter Include="Header Files">
      <UniqueIdentifier>{93995380-89BD-4b04-88EB-625FBE52EBFB}</UniqueIdentifier>
      <Extensions>h;hpp;hxx;hm;inl;inc;xsd</Extensions>
    </Filter>
    <Filter Include="Resource Files">
      <UniqueIdentifier>{67DA6AB6-F800-4c08-8B7A-83BB121AAD01}</UniqueIdentifier>
      <Extensions>rc;ico;cur;bmp;dlg;rc2;rct;bin;rgs;gif;jpg;jpeg;jpe;resx;tiff;tif;png;wav;mfcribbon-ms</Extensions>
    </Filter>
    <Filter Include="Resource Files\Debug">
      <UniqueIdentifier>{1d796d79-3306-45d8-a2c0-2d68f7fa5a7a}</UniqueIdentifier>
    </Filter>
    <Filter Include="Resource Files\Release">
      <UniqueIdentifier>{ff126f43-35d9-4638-851e-c7b38bc8b416}</UniqueIdentifier>
    </Filter>
    <Filter Include="Resource Files\Levels">
      <UniqueIdentifier>{212ca06d-cdfc-4eda-bdbd-fc1940c6e39b}</UniqueIdentifier>
    </Filter>
  </ItemGroup>
  <ItemGroup>
    <ClCompile Include="src\main.cpp">
      <Filter>Source Files</Filter>
    </ClCompile>
    <ClCompile Include="src\sm_game.cpp">
      <Filter>Source Files</Filter>
    </ClCompile>
    <ClCompile Include="src\sm_surface.cpp">
      <Filter>Source Files</Filter>
    </ClCompile>
    <ClCompile Include="src\sm_event.cpp">
      <Filter>Source Files</Filter>
    </ClCompile>
    <ClCompile Include="src\sm_entity.cpp">
      <Filter>Source Files</Filter>
    </ClCompile>
    <ClCompile Include="src\sm_entity_manager.cpp">
      <Filter>Source Files</Filter>
    </ClCompile>
    <ClCompile Include="src\sm_controls.cpp">
      <Filter>Source Files</Filter>
    </ClCompile>
    <ClCompile Include="src\sm_player.cpp">
      <Filter>Source Files</Filter>
    </ClCompile>
    <ClCompile Include="src\sm_directories.cpp">
      <Filter>Source Files</Filter>
    </ClCompile>
    <ClCompile Include="src\sm_level.cpp">
      <Filter>Source Files</Filter>
    </ClCompile>
    <ClCompile Include="src\sm_static_object.cpp">
      <Filter>Source Files</Filter>
    </ClCompile>
    <ClCompile Include="src\sm_camera.cpp">
      <Filter>Source Files</Filter>
    </ClCompile>
    <ClCompile Include="src\sm_bounds.cpp">
      <Filter>Source Files</Filter>
    </ClCompile>
    <ClCompile Include="src\sm_entity_factory.cpp">
      <Filter>Source Files</Filter>
    </ClCompile>
    <ClCompile Include="src\sm_config.cpp">
      <Filter>Source Files</Filter>
    </ClCompile>
    <ClCompile Include="src\sm_enemy.cpp">
      <Filter>Source Files</Filter>
    </ClCompile>
    <ClCompile Include="src\sm_crosshair.cpp">
      <Filter>Source Files</Filter>
    </ClCompile>
    <ClCompile Include="src\sm_bullet.cpp">
      <Filter>Source Files</Filter>
    </ClCompile>
    <ClCompile Include="src\sm_ranged_soldier.cpp">
      <Filter>Source Files</Filter>
    </ClCompile>
  </ItemGroup>
  <ItemGroup>
    <ClInclude Include="src\sm_game.h">
      <Filter>Header Files</Filter>
    </ClInclude>
    <ClInclude Include="src\includes.h">
      <Filter>Header Files</Filter>
    </ClInclude>
    <ClInclude Include="src\sm_surface.h">
      <Filter>Header Files</Filter>
    </ClInclude>
    <ClInclude Include="src\sm_event.h">
      <Filter>Header Files</Filter>
    </ClInclude>
    <ClInclude Include="src\sm_entity.h">
      <Filter>Header Files</Filter>
    </ClInclude>
    <ClInclude Include="src\sm_entity_manager.h">
      <Filter>Header Files</Filter>
    </ClInclude>
    <ClInclude Include="src\sm_controls.h">
      <Filter>Header Files</Filter>
    </ClInclude>
    <ClInclude Include="src\sm_Player.h">
      <Filter>Header Files</Filter>
    </ClInclude>
    <ClInclude Include="src\sm_directories.h">
      <Filter>Header Files</Filter>
    </ClInclude>
    <ClInclude Include="src\sm_level.h">
      <Filter>Header Files</Filter>
    </ClInclude>
    <ClInclude Include="src\sm_static_object.h">
      <Filter>Header Files</Filter>
    </ClInclude>
    <ClInclude Include="src\sm_camera.h">
      <Filter>Header Files</Filter>
    </ClInclude>
    <ClInclude Include="src\sm_bounds.h">
      <Filter>Header Files</Filter>
    </ClInclude>
    <ClInclude Include="src\sm_entity_factory.h">
      <Filter>Header Files</Filter>
    </ClInclude>
    <ClInclude Include="src\sm_config.h">
      <Filter>Header Files</Filter>
    </ClInclude>
    <ClInclude Include="src\sm_enemy.h">
      <Filter>Header Files</Filter>
    </ClInclude>
    <ClInclude Include="src\sm_crosshair.h">
      <Filter>Header Files</Filter>
    </ClInclude>
    <ClInclude Include="src\sm_bullet.h">
      <Filter>Header Files</Filter>
    </ClInclude>
    <ClInclude Include="src\sm_ranged_soldier.h">
      <Filter>Header Files</Filter>
    </ClInclude>
  </ItemGroup>
  <ItemGroup>
    <None Include="..\Debug\Options.ini">
      <Filter>Resource Files\Debug</Filter>
    </None>
    <None Include="..\Release\Options.ini">
      <Filter>Resource Files\Release</Filter>
    </None>
    <None Include="..\Media\directories.xml">
      <Filter>Resource Files</Filter>
    </None>
    <None Include="..\Media\Levels\level1.xml">
      <Filter>Resource Files\Levels</Filter>
    </None>
    <None Include="..\Media\config.xml">
      <Filter>Resource Files</Filter>
    </None>
  </ItemGroup>
</Project>